<?xml version="1.0" encoding="UTF-8"?>
<Project ToolsVersion="14.0" xmlns="http://schemas.microsoft.com/developer/msbuild/2003">
  <ItemGroup>
    <ClCompile Include="C:\Users\Vi\Desktop\rtype_cpp\client\common\main.cpp">
      <Filter>Source Files</Filter>
    </ClCompile>
    <ClCompile Include="C:\Users\Vi\Desktop\rtype_cpp\client\common\RenderWindow.cpp">
      <Filter>Source Files</Filter>
    </ClCompile>
    <ClCompile Include="C:\Users\Vi\Desktop\rtype_cpp\client\common\Vector2.cpp">
      <Filter>Source Files</Filter>
    </ClCompile>
  </ItemGroup>
  <ItemGroup>
    <CustomBuild Include="C:\Users\Vi\Desktop\rtype_cpp\client\build\CMakeLists.txt" />
  </ItemGroup>
  <ItemGroup>
    <Filter Include="Source Files">
      <UniqueIdentifier>{E84A08DD-F7C2-31BB-A220-29E78F13F624}</UniqueIdentifier>
    </Filter>
  </ItemGroup>
</Project>
